// !$*UTF8*$!
{
	archiveVersion = 1;
	classes = {
	};
	objectVersion = 50;
	objects = {

/* Begin PBXBuildFile section */
		1C588CEE25085B3600A3BDCB /* AppDelegate.swift in Sources */ = {isa = PBXBuildFile; fileRef = 1C588CED25085B3600A3BDCB /* AppDelegate.swift */; };
		1C588CF025085B3600A3BDCB /* SceneDelegate.swift in Sources */ = {isa = PBXBuildFile; fileRef = 1C588CEF25085B3600A3BDCB /* SceneDelegate.swift */; };
		1C588CF225085B3600A3BDCB /* ContentView.swift in Sources */ = {isa = PBXBuildFile; fileRef = 1C588CF125085B3600A3BDCB /* ContentView.swift */; };
		1C588CF425085B3700A3BDCB /* Assets.xcassets in Resources */ = {isa = PBXBuildFile; fileRef = 1C588CF325085B3700A3BDCB /* Assets.xcassets */; };
		1C588CF725085B3700A3BDCB /* Preview Assets.xcassets in Resources */ = {isa = PBXBuildFile; fileRef = 1C588CF625085B3700A3BDCB /* Preview Assets.xcassets */; };
		1C588CFA25085B3700A3BDCB /* LaunchScreen.storyboard in Resources */ = {isa = PBXBuildFile; fileRef = 1C588CF825085B3700A3BDCB /* LaunchScreen.storyboard */; };
		1C588D0525085B3700A3BDCB /* WalletTrackerTests.swift in Sources */ = {isa = PBXBuildFile; fileRef = 1C588D0425085B3700A3BDCB /* WalletTrackerTests.swift */; };
		1C588D1025085B3700A3BDCB /* WalletTrackerUITests.swift in Sources */ = {isa = PBXBuildFile; fileRef = 1C588D0F25085B3700A3BDCB /* WalletTrackerUITests.swift */; };
/* End PBXBuildFile section */

/* Begin PBXContainerItemProxy section */
		1C588D0125085B3700A3BDCB /* PBXContainerItemProxy */ = {
			isa = PBXContainerItemProxy;
			containerPortal = 1C588CE225085B3600A3BDCB /* Project object */;
			proxyType = 1;
			remoteGlobalIDString = 1C588CE925085B3600A3BDCB;
			remoteInfo = WalletTracker;
		};
		1C588D0C25085B3700A3BDCB /* PBXContainerItemProxy */ = {
			isa = PBXContainerItemProxy;
			containerPortal = 1C588CE225085B3600A3BDCB /* Project object */;
			proxyType = 1;
			remoteGlobalIDString = 1C588CE925085B3600A3BDCB;
			remoteInfo = WalletTracker;
		};
/* End PBXContainerItemProxy section */

/* Begin PBXFileReference section */
		1C588CEA25085B3600A3BDCB /* WalletTracker.app */ = {isa = PBXFileReference; explicitFileType = wrapper.application; includeInIndex = 0; path = WalletTracker.app; sourceTree = BUILT_PRODUCTS_DIR; };
		1C588CED25085B3600A3BDCB /* AppDelegate.swift */ = {isa = PBXFileReference; lastKnownFileType = sourcecode.swift; path = AppDelegate.swift; sourceTree = "<group>"; };
		1C588CEF25085B3600A3BDCB /* SceneDelegate.swift */ = {isa = PBXFileReference; lastKnownFileType = sourcecode.swift; path = SceneDelegate.swift; sourceTree = "<group>"; };
		1C588CF125085B3600A3BDCB /* ContentView.swift */ = {isa = PBXFileReference; lastKnownFileType = sourcecode.swift; path = ContentView.swift; sourceTree = "<group>"; };
		1C588CF325085B3700A3BDCB /* Assets.xcassets */ = {isa = PBXFileReference; lastKnownFileType = folder.assetcatalog; path = Assets.xcassets; sourceTree = "<group>"; };
		1C588CF625085B3700A3BDCB /* Preview Assets.xcassets */ = {isa = PBXFileReference; lastKnownFileType = folder.assetcatalog; path = "Preview Assets.xcassets"; sourceTree = "<group>"; };
		1C588CF925085B3700A3BDCB /* Base */ = {isa = PBXFileReference; lastKnownFileType = file.storyboard; name = Base; path = Base.lproj/LaunchScreen.storyboard; sourceTree = "<group>"; };
		1C588CFB25085B3700A3BDCB /* Info.plist */ = {isa = PBXFileReference; lastKnownFileType = text.plist.xml; path = Info.plist; sourceTree = "<group>"; };
		1C588D0025085B3700A3BDCB /* WalletTrackerTests.xctest */ = {isa = PBXFileReference; explicitFileType = wrapper.cfbundle; includeInIndex = 0; path = WalletTrackerTests.xctest; sourceTree = BUILT_PRODUCTS_DIR; };
		1C588D0425085B3700A3BDCB /* WalletTrackerTests.swift */ = {isa = PBXFileReference; lastKnownFileType = sourcecode.swift; path = WalletTrackerTests.swift; sourceTree = "<group>"; };
		1C588D0625085B3700A3BDCB /* Info.plist */ = {isa = PBXFileReference; lastKnownFileType = text.plist.xml; path = Info.plist; sourceTree = "<group>"; };
		1C588D0B25085B3700A3BDCB /* WalletTrackerUITests.xctest */ = {isa = PBXFileReference; explicitFileType = wrapper.cfbundle; includeInIndex = 0; path = WalletTrackerUITests.xctest; sourceTree = BUILT_PRODUCTS_DIR; };
		1C588D0F25085B3700A3BDCB /* WalletTrackerUITests.swift */ = {isa = PBXFileReference; lastKnownFileType = sourcecode.swift; path = WalletTrackerUITests.swift; sourceTree = "<group>"; };
		1C588D1125085B3700A3BDCB /* Info.plist */ = {isa = PBXFileReference; lastKnownFileType = text.plist.xml; path = Info.plist; sourceTree = "<group>"; };
/* End PBXFileReference section */

/* Begin PBXFrameworksBuildPhase section */
		1C588CE725085B3600A3BDCB /* Frameworks */ = {
			isa = PBXFrameworksBuildPhase;
			buildActionMask = 2147483647;
			files = (
			);
			runOnlyForDeploymentPostprocessing = 0;
		};
		1C588CFD25085B3700A3BDCB /* Frameworks */ = {
			isa = PBXFrameworksBuildPhase;
			buildActionMask = 2147483647;
			files = (
			);
			runOnlyForDeploymentPostprocessing = 0;
		};
		1C588D0825085B3700A3BDCB /* Frameworks */ = {
			isa = PBXFrameworksBuildPhase;
			buildActionMask = 2147483647;
			files = (
			);
			runOnlyForDeploymentPostprocessing = 0;
		};
/* End PBXFrameworksBuildPhase section */

/* Begin PBXGroup section */
		1C588CE125085B3600A3BDCB = {
			isa = PBXGroup;
			children = (
				1C588CEC25085B3600A3BDCB /* WalletTracker */,
				1C588D0325085B3700A3BDCB /* WalletTrackerTests */,
				1C588D0E25085B3700A3BDCB /* WalletTrackerUITests */,
				1C588CEB25085B3600A3BDCB /* Products */,
			);
			sourceTree = "<group>";
		};
		1C588CEB25085B3600A3BDCB /* Products */ = {
			isa = PBXGroup;
			children = (
				1C588CEA25085B3600A3BDCB /* WalletTracker.app */,
				1C588D0025085B3700A3BDCB /* WalletTrackerTests.xctest */,
				1C588D0B25085B3700A3BDCB /* WalletTrackerUITests.xctest */,
			);
			name = Products;
			sourceTree = "<group>";
		};
		1C588CEC25085B3600A3BDCB /* WalletTracker */ = {
			isa = PBXGroup;
			children = (
				1C588CED25085B3600A3BDCB /* AppDelegate.swift */,
				1C588CEF25085B3600A3BDCB /* SceneDelegate.swift */,
				1C588CF125085B3600A3BDCB /* ContentView.swift */,
				1C588CF325085B3700A3BDCB /* Assets.xcassets */,
				1C588CF825085B3700A3BDCB /* LaunchScreen.storyboard */,
				1C588CFB25085B3700A3BDCB /* Info.plist */,
				1C588CF525085B3700A3BDCB /* Preview Content */,
			);
			path = WalletTracker;
			sourceTree = "<group>";
		};
		1C588CF525085B3700A3BDCB /* Preview Content */ = {
			isa = PBXGroup;
			children = (
				1C588CF625085B3700A3BDCB /* Preview Assets.xcassets */,
			);
			path = "Preview Content";
			sourceTree = "<group>";
		};
		1C588D0325085B3700A3BDCB /* WalletTrackerTests */ = {
			isa = PBXGroup;
			children = (
				1C588D0425085B3700A3BDCB /* WalletTrackerTests.swift */,
				1C588D0625085B3700A3BDCB /* Info.plist */,
			);
			path = WalletTrackerTests;
			sourceTree = "<group>";
		};
		1C588D0E25085B3700A3BDCB /* WalletTrackerUITests */ = {
			isa = PBXGroup;
			children = (
				1C588D0F25085B3700A3BDCB /* WalletTrackerUITests.swift */,
				1C588D1125085B3700A3BDCB /* Info.plist */,
			);
			path = WalletTrackerUITests;
			sourceTree = "<group>";
		};
/* End PBXGroup section */

/* Begin PBXNativeTarget section */
		1C588CE925085B3600A3BDCB /* WalletTracker */ = {
			isa = PBXNativeTarget;
			buildConfigurationList = 1C588D1425085B3700A3BDCB /* Build configuration list for PBXNativeTarget "WalletTracker" */;
			buildPhases = (
				1C588CE625085B3600A3BDCB /* Sources */,
				1C588CE725085B3600A3BDCB /* Frameworks */,
				1C588CE825085B3600A3BDCB /* Resources */,
			);
			buildRules = (
			);
			dependencies = (
			);
			name = WalletTracker;
			productName = WalletTracker;
			productReference = 1C588CEA25085B3600A3BDCB /* WalletTracker.app */;
			productType = "com.apple.product-type.application";
		};
		1C588CFF25085B3700A3BDCB /* WalletTrackerTests */ = {
			isa = PBXNativeTarget;
			buildConfigurationList = 1C588D1725085B3700A3BDCB /* Build configuration list for PBXNativeTarget "WalletTrackerTests" */;
			buildPhases = (
				1C588CFC25085B3700A3BDCB /* Sources */,
				1C588CFD25085B3700A3BDCB /* Frameworks */,
				1C588CFE25085B3700A3BDCB /* Resources */,
			);
			buildRules = (
			);
			dependencies = (
				1C588D0225085B3700A3BDCB /* PBXTargetDependency */,
			);
			name = WalletTrackerTests;
			productName = WalletTrackerTests;
			productReference = 1C588D0025085B3700A3BDCB /* WalletTrackerTests.xctest */;
			productType = "com.apple.product-type.bundle.unit-test";
		};
		1C588D0A25085B3700A3BDCB /* WalletTrackerUITests */ = {
			isa = PBXNativeTarget;
			buildConfigurationList = 1C588D1A25085B3700A3BDCB /* Build configuration list for PBXNativeTarget "WalletTrackerUITests" */;
			buildPhases = (
				1C588D0725085B3700A3BDCB /* Sources */,
				1C588D0825085B3700A3BDCB /* Frameworks */,
				1C588D0925085B3700A3BDCB /* Resources */,
			);
			buildRules = (
			);
			dependencies = (
				1C588D0D25085B3700A3BDCB /* PBXTargetDependency */,
			);
			name = WalletTrackerUITests;
			productName = WalletTrackerUITests;
			productReference = 1C588D0B25085B3700A3BDCB /* WalletTrackerUITests.xctest */;
			productType = "com.apple.product-type.bundle.ui-testing";
		};
/* End PBXNativeTarget section */

/* Begin PBXProject section */
		1C588CE225085B3600A3BDCB /* Project object */ = {
			isa = PBXProject;
			attributes = {
				LastSwiftUpdateCheck = 1170;
				LastUpgradeCheck = 1170;
				ORGANIZATIONNAME = "William Ching";
				TargetAttributes = {
					1C588CE925085B3600A3BDCB = {
						CreatedOnToolsVersion = 11.7;
					};
					1C588CFF25085B3700A3BDCB = {
						CreatedOnToolsVersion = 11.7;
						TestTargetID = 1C588CE925085B3600A3BDCB;
					};
					1C588D0A25085B3700A3BDCB = {
						CreatedOnToolsVersion = 11.7;
						TestTargetID = 1C588CE925085B3600A3BDCB;
					};
				};
			};
			buildConfigurationList = 1C588CE525085B3600A3BDCB /* Build configuration list for PBXProject "WalletTracker" */;
			compatibilityVersion = "Xcode 9.3";
			developmentRegion = en;
			hasScannedForEncodings = 0;
			knownRegions = (
				en,
				Base,
			);
			mainGroup = 1C588CE125085B3600A3BDCB;
			productRefGroup = 1C588CEB25085B3600A3BDCB /* Products */;
			projectDirPath = "";
			projectRoot = "";
			targets = (
				1C588CE925085B3600A3BDCB /* WalletTracker */,
				1C588CFF25085B3700A3BDCB /* WalletTrackerTests */,
				1C588D0A25085B3700A3BDCB /* WalletTrackerUITests */,
			);
		};
/* End PBXProject section */

/* Begin PBXResourcesBuildPhase section */
		1C588CE825085B3600A3BDCB /* Resources */ = {
			isa = PBXResourcesBuildPhase;
			buildActionMask = 2147483647;
			files = (
				1C588CFA25085B3700A3BDCB /* LaunchScreen.storyboard in Resources */,
				1C588CF725085B3700A3BDCB /* Preview Assets.xcassets in Resources */,
				1C588CF425085B3700A3BDCB /* Assets.xcassets in Resources */,
			);
			runOnlyForDeploymentPostprocessing = 0;
		};
		1C588CFE25085B3700A3BDCB /* Resources */ = {
			isa = PBXResourcesBuildPhase;
			buildActionMask = 2147483647;
			files = (
			);
			runOnlyForDeploymentPostprocessing = 0;
		};
		1C588D0925085B3700A3BDCB /* Resources */ = {
			isa = PBXResourcesBuildPhase;
			buildActionMask = 2147483647;
			files = (
			);
			runOnlyForDeploymentPostprocessing = 0;
		};
/* End PBXResourcesBuildPhase section */

/* Begin PBXSourcesBuildPhase section */
		1C588CE625085B3600A3BDCB /* Sources */ = {
			isa = PBXSourcesBuildPhase;
			buildActionMask = 2147483647;
			files = (
				1C588CEE25085B3600A3BDCB /* AppDelegate.swift in Sources */,
				1C588CF025085B3600A3BDCB /* SceneDelegate.swift in Sources */,
				1C588CF225085B3600A3BDCB /* ContentView.swift in Sources */,
			);
			runOnlyForDeploymentPostprocessing = 0;
		};
		1C588CFC25085B3700A3BDCB /* Sources */ = {
			isa = PBXSourcesBuildPhase;
			buildActionMask = 2147483647;
			files = (
				1C588D0525085B3700A3BDCB /* WalletTrackerTests.swift in Sources */,
			);
			runOnlyForDeploymentPostprocessing = 0;
		};
		1C588D0725085B3700A3BDCB /* Sources */ = {
			isa = PBXSourcesBuildPhase;
			buildActionMask = 2147483647;
			files = (
				1C588D1025085B3700A3BDCB /* WalletTrackerUITests.swift in Sources */,
			);
			runOnlyForDeploymentPostprocessing = 0;
		};
/* End PBXSourcesBuildPhase section */

/* Begin PBXTargetDependency section */
		1C588D0225085B3700A3BDCB /* PBXTargetDependency */ = {
			isa = PBXTargetDependency;
			target = 1C588CE925085B3600A3BDCB /* WalletTracker */;
			targetProxy = 1C588D0125085B3700A3BDCB /* PBXContainerItemProxy */;
		};
		1C588D0D25085B3700A3BDCB /* PBXTargetDependency */ = {
			isa = PBXTargetDependency;
			target = 1C588CE925085B3600A3BDCB /* WalletTracker */;
			targetProxy = 1C588D0C25085B3700A3BDCB /* PBXContainerItemProxy */;
		};
/* End PBXTargetDependency section */

/* Begin PBXVariantGroup section */
		1C588CF825085B3700A3BDCB /* LaunchScreen.storyboard */ = {
			isa = PBXVariantGroup;
			children = (
				1C588CF925085B3700A3BDCB /* Base */,
			);
			name = LaunchScreen.storyboard;
			sourceTree = "<group>";
		};
/* End PBXVariantGroup section */

/* Begin XCBuildConfiguration section */
		1C588D1225085B3700A3BDCB /* Debug */ = {
			isa = XCBuildConfiguration;
			buildSettings = {
				ALWAYS_SEARCH_USER_PATHS = NO;
				CLANG_ANALYZER_NONNULL = YES;
				CLANG_ANALYZER_NUMBER_OBJECT_CONVERSION = YES_AGGRESSIVE;
				CLANG_CXX_LANGUAGE_STANDARD = "gnu++14";
				CLANG_CXX_LIBRARY = "libc++";
				CLANG_ENABLE_MODULES = YES;
				CLANG_ENABLE_OBJC_ARC = YES;
				CLANG_ENABLE_OBJC_WEAK = YES;
				CLANG_WARN_BLOCK_CAPTURE_AUTORELEASING = YES;
				CLANG_WARN_BOOL_CONVERSION = YES;
				CLANG_WARN_COMMA = YES;
				CLANG_WARN_CONSTANT_CONVERSION = YES;
				CLANG_WARN_DEPRECATED_OBJC_IMPLEMENTATIONS = YES;
				CLANG_WARN_DIRECT_OBJC_ISA_USAGE = YES_ERROR;
				CLANG_WARN_DOCUMENTATION_COMMENTS = YES;
				CLANG_WARN_EMPTY_BODY = YES;
				CLANG_WARN_ENUM_CONVERSION = YES;
				CLANG_WARN_INFINITE_RECURSION = YES;
				CLANG_WARN_INT_CONVERSION = YES;
				CLANG_WARN_NON_LITERAL_NULL_CONVERSION = YES;
				CLANG_WARN_OBJC_IMPLICIT_RETAIN_SELF = YES;
				CLANG_WARN_OBJC_LITERAL_CONVERSION = YES;
				CLANG_WARN_OBJC_ROOT_CLASS = YES_ERROR;
				CLANG_WARN_RANGE_LOOP_ANALYSIS = YES;
				CLANG_WARN_STRICT_PROTOTYPES = YES;
				CLANG_WARN_SUSPICIOUS_MOVE = YES;
				CLANG_WARN_UNGUARDED_AVAILABILITY = YES_AGGRESSIVE;
				CLANG_WARN_UNREACHABLE_CODE = YES;
				CLANG_WARN__DUPLICATE_METHOD_MATCH = YES;
				COPY_PHASE_STRIP = NO;
				DEBUG_INFORMATION_FORMAT = dwarf;
				ENABLE_STRICT_OBJC_MSGSEND = YES;
				ENABLE_TESTABILITY = YES;
				GCC_C_LANGUAGE_STANDARD = gnu11;
				GCC_DYNAMIC_NO_PIC = NO;
				GCC_NO_COMMON_BLOCKS = YES;
				GCC_OPTIMIZATION_LEVEL = 0;
				GCC_PREPROCESSOR_DEFINITIONS = (
					"DEBUG=1",
					"$(inherited)",
				);
				GCC_WARN_64_TO_32_BIT_CONVERSION = YES;
				GCC_WARN_ABOUT_RETURN_TYPE = YES_ERROR;
				GCC_WARN_UNDECLARED_SELECTOR = YES;
				GCC_WARN_UNINITIALIZED_AUTOS = YES_AGGRESSIVE;
				GCC_WARN_UNUSED_FUNCTION = YES;
				GCC_WARN_UNUSED_VARIABLE = YES;
				IPHONEOS_DEPLOYMENT_TARGET = 13.7;
				MTL_ENABLE_DEBUG_INFO = INCLUDE_SOURCE;
				MTL_FAST_MATH = YES;
				ONLY_ACTIVE_ARCH = YES;
				SDKROOT = iphoneos;
				SWIFT_ACTIVE_COMPILATION_CONDITIONS = DEBUG;
				SWIFT_OPTIMIZATION_LEVEL = "-Onone";
			};
			name = Debug;
		};
		1C588D1325085B3700A3BDCB /* Release */ = {
			isa = XCBuildConfiguration;
			buildSettings = {
				ALWAYS_SEARCH_USER_PATHS = NO;
				CLANG_ANALYZER_NONNULL = YES;
				CLANG_ANALYZER_NUMBER_OBJECT_CONVERSION = YES_AGGRESSIVE;
				CLANG_CXX_LANGUAGE_STANDARD = "gnu++14";
				CLANG_CXX_LIBRARY = "libc++";
				CLANG_ENABLE_MODULES = YES;
				CLANG_ENABLE_OBJC_ARC = YES;
				CLANG_ENABLE_OBJC_WEAK = YES;
				CLANG_WARN_BLOCK_CAPTURE_AUTORELEASING = YES;
				CLANG_WARN_BOOL_CONVERSION = YES;
				CLANG_WARN_COMMA = YES;
				CLANG_WARN_CONSTANT_CONVERSION = YES;
				CLANG_WARN_DEPRECATED_OBJC_IMPLEMENTATIONS = YES;
				CLANG_WARN_DIRECT_OBJC_ISA_USAGE = YES_ERROR;
				CLANG_WARN_DOCUMENTATION_COMMENTS = YES;
				CLANG_WARN_EMPTY_BODY = YES;
				CLANG_WARN_ENUM_CONVERSION = YES;
				CLANG_WARN_INFINITE_RECURSION = YES;
				CLANG_WARN_INT_CONVERSION = YES;
				CLANG_WARN_NON_LITERAL_NULL_CONVERSION = YES;
				CLANG_WARN_OBJC_IMPLICIT_RETAIN_SELF = YES;
				CLANG_WARN_OBJC_LITERAL_CONVERSION = YES;
				CLANG_WARN_OBJC_ROOT_CLASS = YES_ERROR;
				CLANG_WARN_RANGE_LOOP_ANALYSIS = YES;
				CLANG_WARN_STRICT_PROTOTYPES = YES;
				CLANG_WARN_SUSPICIOUS_MOVE = YES;
				CLANG_WARN_UNGUARDED_AVAILABILITY = YES_AGGRESSIVE;
				CLANG_WARN_UNREACHABLE_CODE = YES;
				CLANG_WARN__DUPLICATE_METHOD_MATCH = YES;
				COPY_PHASE_STRIP = NO;
				DEBUG_INFORMATION_FORMAT = "dwarf-with-dsym";
				ENABLE_NS_ASSERTIONS = NO;
				ENABLE_STRICT_OBJC_MSGSEND = YES;
				GCC_C_LANGUAGE_STANDARD = gnu11;
				GCC_NO_COMMON_BLOCKS = YES;
				GCC_WARN_64_TO_32_BIT_CONVERSION = YES;
				GCC_WARN_ABOUT_RETURN_TYPE = YES_ERROR;
				GCC_WARN_UNDECLARED_SELECTOR = YES;
				GCC_WARN_UNINITIALIZED_AUTOS = YES_AGGRESSIVE;
				GCC_WARN_UNUSED_FUNCTION = YES;
				GCC_WARN_UNUSED_VARIABLE = YES;
				IPHONEOS_DEPLOYMENT_TARGET = 13.7;
				MTL_ENABLE_DEBUG_INFO = NO;
				MTL_FAST_MATH = YES;
				SDKROOT = iphoneos;
				SWIFT_COMPILATION_MODE = wholemodule;
				SWIFT_OPTIMIZATION_LEVEL = "-O";
				VALIDATE_PRODUCT = YES;
			};
			name = Release;
		};
		1C588D1525085B3700A3BDCB /* Debug */ = {
			isa = XCBuildConfiguration;
			buildSettings = {
				ASSETCATALOG_COMPILER_APPICON_NAME = AppIcon;
				CODE_SIGN_STYLE = Automatic;
				DEVELOPMENT_ASSET_PATHS = "\"WalletTracker/Preview Content\"";
				DEVELOPMENT_TEAM = X75QNMB473;
				ENABLE_PREVIEWS = YES;
				INFOPLIST_FILE = WalletTracker/Info.plist;
				LD_RUNPATH_SEARCH_PATHS = (
					"$(inherited)",
					"@executable_path/Frameworks",
				);
				PRODUCT_BUNDLE_IDENTIFIER = com.williamching.WalletTracker;
				PRODUCT_NAME = "$(TARGET_NAME)";
				SWIFT_VERSION = 5.0;
				TARGETED_DEVICE_FAMILY = "1,2";
			};
			name = Debug;
		};
		1C588D1625085B3700A3BDCB /* Release */ = {
			isa = XCBuildConfiguration;
			buildSettings = {
				ASSETCATALOG_COMPILER_APPICON_NAME = AppIcon;
				CODE_SIGN_STYLE = Automatic;
				DEVELOPMENT_ASSET_PATHS = "\"WalletTracker/Preview Content\"";
				DEVELOPMENT_TEAM = X75QNMB473;
				ENABLE_PREVIEWS = YES;
				INFOPLIST_FILE = WalletTracker/Info.plist;
				LD_RUNPATH_SEARCH_PATHS = (
					"$(inherited)",
					"@executable_path/Frameworks",
				);
				PRODUCT_BUNDLE_IDENTIFIER = com.williamching.WalletTracker;
				PRODUCT_NAME = "$(TARGET_NAME)";
				SWIFT_VERSION = 5.0;
				TARGETED_DEVICE_FAMILY = "1,2";
			};
			name = Release;
		};
		1C588D1825085B3700A3BDCB /* Debug */ = {
			isa = XCBuildConfiguration;
			buildSettings = {
				ALWAYS_EMBED_SWIFT_STANDARD_LIBRARIES = YES;
				BUNDLE_LOADER = "$(TEST_HOST)";
				CODE_SIGN_STYLE = Automatic;
				DEVELOPMENT_TEAM = X75QNMB473;
				INFOPLIST_FILE = WalletTrackerTests/Info.plist;
				IPHONEOS_DEPLOYMENT_TARGET = 13.7;
				LD_RUNPATH_SEARCH_PATHS = (
					"$(inherited)",
					"@executable_path/Frameworks",
					"@loader_path/Frameworks",
				);
				PRODUCT_BUNDLE_IDENTIFIER = com.williamching.WalletTrackerTests;
				PRODUCT_NAME = "$(TARGET_NAME)";
				SWIFT_VERSION = 5.0;
				TARGETED_DEVICE_FAMILY = "1,2";
				TEST_HOST = "$(BUILT_PRODUCTS_DIR)/WalletTracker.app/WalletTracker";
			};
			name = Debug;
		};
		1C588D1925085B3700A3BDCB /* Release */ = {
			isa = XCBuildConfiguration;
			buildSettings = {
				ALWAYS_EMBED_SWIFT_STANDARD_LIBRARIES = YES;
				BUNDLE_LOADER = "$(TEST_HOST)";
				CODE_SIGN_STYLE = Automatic;
				DEVELOPMENT_TEAM = X75QNMB473;
				INFOPLIST_FILE = WalletTrackerTests/Info.plist;
				IPHONEOS_DEPLOYMENT_TARGET = 13.7;
				LD_RUNPATH_SEARCH_PATHS = (
					"$(inherited)",
					"@executable_path/Frameworks",
					"@loader_path/Frameworks",
				);
				PRODUCT_BUNDLE_IDENTIFIER = com.williamching.WalletTrackerTests;
				PRODUCT_NAME = "$(TARGET_NAME)";
				SWIFT_VERSION = 5.0;
				TARGETED_DEVICE_FAMILY = "1,2";
				TEST_HOST = "$(BUILT_PRODUCTS_DIR)/WalletTracker.app/WalletTracker";
			};
			name = Release;
		};
		1C588D1B25085B3700A3BDCB /* Debug */ = {
			isa = XCBuildConfiguration;
			buildSettings = {
				ALWAYS_EMBED_SWIFT_STANDARD_LIBRARIES = YES;
				CODE_SIGN_STYLE = Automatic;
				DEVELOPMENT_TEAM = X75QNMB473;
				INFOPLIST_FILE = WalletTrackerUITests/Info.plist;
				LD_RUNPATH_SEARCH_PATHS = (
					"$(inherited)",
					"@executable_path/Frameworks",
					"@loader_path/Frameworks",
				);
				PRODUCT_BUNDLE_IDENTIFIER = com.williamching.WalletTrackerUITests;
				PRODUCT_NAME = "$(TARGET_NAME)";
				SWIFT_VERSION = 5.0;
				TARGETED_DEVICE_FAMILY = "1,2";
				TEST_TARGET_NAME = WalletTracker;
			};
			name = Debug;
		};
		1C588D1C25085B3700A3BDCB /* Release */ = {
			isa = XCBuildConfiguration;
			buildSettings = {
				ALWAYS_EMBED_SWIFT_STANDARD_LIBRARIES = YES;
				CODE_SIGN_STYLE = Automatic;
				DEVELOPMENT_TEAM = X75QNMB473;
				INFOPLIST_FILE = WalletTrackerUITests/Info.plist;
				LD_RUNPATH_SEARCH_PATHS = (
					"$(inherited)",
					"@executable_path/Frameworks",
					"@loader_path/Frameworks",
				);
				PRODUCT_BUNDLE_IDENTIFIER = com.williamching.WalletTrackerUITests;
				PRODUCT_NAME = "$(TARGET_NAME)";
				SWIFT_VERSION = 5.0;
				TARGETED_DEVICE_FAMILY = "1,2";
				TEST_TARGET_NAME = WalletTracker;
			};
			name = Release;
		};
/* End XCBuildConfiguration section */

/* Begin XCConfigurationList section */
		1C588CE525085B3600A3BDCB /* Build configuration list for PBXProject "WalletTracker" */ = {
			isa = XCConfigurationList;
			buildConfigurations = (
				1C588D1225085B3700A3BDCB /* Debug */,
				1C588D1325085B3700A3BDCB /* Release */,
			);
			defaultConfigurationIsVisible = 0;
			defaultConfigurationName = Release;
		};
		1C588D1425085B3700A3BDCB /* Build configuration list for PBXNativeTarget "WalletTracker" */ = {
			isa = XCConfigurationList;
			buildConfigurations = (
				1C588D1525085B3700A3BDCB /* Debug */,
				1C588D1625085B3700A3BDCB /* Release */,
			);
			defaultConfigurationIsVisible = 0;
			defaultConfigurationName = Release;
		};
		1C588D1725085B3700A3BDCB /* Build configuration list for PBXNativeTarget "WalletTrackerTests" */ = {
			isa = XCConfigurationList;
			buildConfigurations = (
				1C588D1825085B3700A3BDCB /* Debug */,
				1C588D1925085B3700A3BDCB /* Release */,
			);
			defaultConfigurationIsVisible = 0;
			defaultConfigurationName = Release;
		};
		1C588D1A25085B3700A3BDCB /* Build configuration list for PBXNativeTarget "WalletTrackerUITests" */ = {
			isa = XCConfigurationList;
			buildConfigurations = (
				1C588D1B25085B3700A3BDCB /* Debug */,
				1C588D1C25085B3700A3BDCB /* Release */,
			);
			defaultConfigurationIsVisible = 0;
			defaultConfigurationName = Release;
		};
/* End XCConfigurationList section */
	};
	rootObject = 1C588CE225085B3600A3BDCB /* Project object */;
}
